
Microsoft Visual Studio Solution File, Format Version 12.00
Project("{FAE04EC0-301F-11D3-BF4B-00C04F79EFBC}") = "rtu-schedule-analyzer", "rtu-schedule-analyzer.csproj", "{36D564D0-4FB8-4069-9E0F-74EB00455A51}"
EndProject
Global
	GlobalSection(SolutionConfigurationPlatforms) = preSolution
		Debug|Any CPU = Debug|Any CPU
		Release|Any CPU = Release|Any CPU
	EndGlobalSection
	GlobalSection(ProjectConfigurationPlatforms) = postSolution
		{36D564D0-4FB8-4069-9E0F-74EB00455A51}.Debug|Any CPU.ActiveCfg = Debug|Any CPU
		{36D564D0-4FB8-4069-9E0F-74EB00455A51}.Debug|Any CPU.Build.0 = Debug|Any CPU
		{36D564D0-4FB8-4069-9E0F-74EB00455A51}.Release|Any CPU.ActiveCfg = Release|Any CPU
		{36D564D0-4FB8-4069-9E0F-74EB00455A51}.Release|Any CPU.Build.0 = Release|Any CPU
	EndGlobalSection
EndGlobal
