
Microsoft Visual Studio Solution File, Format Version 12.00
#
Project("{FAE04EC0-301F-11D3-BF4B-00C04F79EFBC}") = "Project.API", "Project.API\Project.API.csproj", "{FA5EE5EC-2ED7-4811-ADB5-4CC4E55B859F}"
	ProjectSection(ProjectDependencies) = postProject
		{00081D13-FF6F-4775-9B73-92446F48E5D0} = {00081D13-FF6F-4775-9B73-92446F48E5D0}
		{5F4B408F-5221-44E8-B41F-67CE5D3F0CFB} = {5F4B408F-5221-44E8-B41F-67CE5D3F0CFB}
	EndProjectSection
EndProject
Project("{FAE04EC0-301F-11D3-BF4B-00C04F79EFBC}") = "Project.Core", "Project.Core\Project.Core.csproj", "{00081D13-FF6F-4775-9B73-92446F48E5D0}"
EndProject
Project("{FAE04EC0-301F-11D3-BF4B-00C04F79EFBC}") = "Project.Infrastructure", "Project.Infrastructure\Project.Infrastructure.csproj", "{5F4B408F-5221-44E8-B41F-67CE5D3F0CFB}"
	ProjectSection(ProjectDependencies) = postProject
		{00081D13-FF6F-4775-9B73-92446F48E5D0} = {00081D13-FF6F-4775-9B73-92446F48E5D0}
	EndProjectSection
EndProject
Project("{FAE04EC0-301F-11D3-BF4B-00C04F79EFBC}") = "Project.UnitTest", "Project.UnitTest\Project.UnitTest.csproj", "{45A55FBB-75A1-4C5A-82D6-0A649E5549A7}"
EndProject
Global
	GlobalSection(ProjectConfigurationPlatforms) = postSolution
		{FA5EE5EC-2ED7-4811-ADB5-4CC4E55B859F}.Debug|Any CPU.ActiveCfg = Debug|Any CPU
		{FA5EE5EC-2ED7-4811-ADB5-4CC4E55B859F}.Debug|Any CPU.Build.0 = Debug|Any CPU
		{FA5EE5EC-2ED7-4811-ADB5-4CC4E55B859F}.Release|Any CPU.ActiveCfg = Release|Any CPU
		{FA5EE5EC-2ED7-4811-ADB5-4CC4E55B859F}.Release|Any CPU.Build.0 = Release|Any CPU
		{00081D13-FF6F-4775-9B73-92446F48E5D0}.Debug|Any CPU.ActiveCfg = Debug|Any CPU
		{00081D13-FF6F-4775-9B73-92446F48E5D0}.Debug|Any CPU.Build.0 = Debug|Any CPU
		{00081D13-FF6F-4775-9B73-92446F48E5D0}.Release|Any CPU.ActiveCfg = Release|Any CPU
		{00081D13-FF6F-4775-9B73-92446F48E5D0}.Release|Any CPU.Build.0 = Release|Any CPU
		{5F4B408F-5221-44E8-B41F-67CE5D3F0CFB}.Debug|Any CPU.ActiveCfg = Debug|Any CPU
		{5F4B408F-5221-44E8-B41F-67CE5D3F0CFB}.Debug|Any CPU.Build.0 = Debug|Any CPU
		{5F4B408F-5221-44E8-B41F-67CE5D3F0CFB}.Release|Any CPU.ActiveCfg = Release|Any CPU
		{5F4B408F-5221-44E8-B41F-67CE5D3F0CFB}.Release|Any CPU.Build.0 = Release|Any CPU
		{45A55FBB-75A1-4C5A-82D6-0A649E5549A7}.Debug|Any CPU.ActiveCfg = Debug|Any CPU
		{45A55FBB-75A1-4C5A-82D6-0A649E5549A7}.Debug|Any CPU.Build.0 = Debug|Any CPU
		{45A55FBB-75A1-4C5A-82D6-0A649E5549A7}.Release|Any CPU.ActiveCfg = Release|Any CPU
		{45A55FBB-75A1-4C5A-82D6-0A649E5549A7}.Release|Any CPU.Build.0 = Release|Any CPU
	EndGlobalSection
	GlobalSection(SolutionConfigurationPlatforms) = preSolution
		Debug|Any CPU = Debug|Any CPU
		Release|Any CPU = Release|Any CPU
	EndGlobalSection
EndGlobal
